
Microsoft Visual Studio Solution File, Format Version 12.00
# Visual Studio Version 17
VisualStudioVersion = 17.10.34928.147
MinimumVisualStudioVersion = 10.0.40219.1
Project("{FAE04EC0-301F-11D3-BF4B-00C04F79EFBC}") = "QuizMaster-Challenge", "QuizMaster-Challenge.csproj", "{079811B9-15CA-4488-8AC8-BB35DA1B6FF2}"
EndProject
Global
	GlobalSection(SolutionConfigurationPlatforms) = preSolution
		Debug|Any CPU = Debug|Any CPU
		Release|Any CPU = Release|Any CPU
	EndGlobalSection
	GlobalSection(ProjectConfigurationPlatforms) = postSolution
		{079811B9-15CA-4488-8AC8-BB35DA1B6FF2}.Debug|Any CPU.ActiveCfg = Debug|Any CPU
		{079811B9-15CA-4488-8AC8-BB35DA1B6FF2}.Debug|Any CPU.Build.0 = Debug|Any CPU
		{079811B9-15CA-4488-8AC8-BB35DA1B6FF2}.Release|Any CPU.ActiveCfg = Release|Any CPU
		{079811B9-15CA-4488-8AC8-BB35DA1B6FF2}.Release|Any CPU.Build.0 = Release|Any CPU
	EndGlobalSection
	GlobalSection(SolutionProperties) = preSolution
		HideSolutionNode = FALSE
	EndGlobalSection
	GlobalSection(ExtensibilityGlobals) = postSolution
		SolutionGuid = {4503F663-1475-41EE-8878-EB1BEED97077}
	EndGlobalSection
EndGlobal
